{
  "name": "app",
  "version": "1.0.0",
  "lockfileVersion": 1,
  "requires": true,
  "dependencies": {
    "core-js": {
      "version": "3.6.5",
      "resolved": "https://registry.npmjs.org/core-js/-/core-js-3.6.5.tgz",
      "integrity": "sha512-vZVEEwZoIsI+vPEuoF9Iqf5H7/M3eeQqWlQnYa8FSKKePuYTf5MWnxb5SDAzCa60b3JBRS5g9b+Dq7b1y/RCrA=="
    },
    "fxjs": {
      "version": "0.16.3",
      "resolved": "https://registry.npmjs.org/fxjs/-/fxjs-0.16.3.tgz",
      "integrity": "sha512-YyHoPs+ICC5H2ERyNd2KzRmuyDAnJfj4Jcz+xDON1cRtX8yiiG8NIxICSwIDwqvrnnQO7X6KjB3dSpSFXGd0wg==",
      "requires": {
        "core-js": "^3.6.5",
        "regenerator-runtime": "^0.13.5"
      }
    },
    "regenerator-runtime": {
      "version": "0.13.7",
      "resolved": "https://registry.npmjs.org/regenerator-runtime/-/regenerator-runtime-0.13.7.tgz",
      "integrity": "sha512-a54FxoJDIr27pgf7IgeQGxmqUNYrcV338lf/6gH456HZ/PhX+5BcwHXG9ajESmwe6WRO0tAzRUrRmNONWgkrew=="
    }
  }
}
